
Microsoft Visual Studio Solution File, Format Version 11.00
# Visual C++ Express 2010
Project("{8BC9CEB8-8B4A-11D0-8D11-00A0C91BC942}") = "BallGame", "BallGame.vcxproj", "{911F662D-140D-4E7A-A3B3-6EB44FC715CD}"
EndProject
Global
	GlobalSection(SolutionConfigurationPlatforms) = preSolution
		Debug|Win32 = Debug|Win32
		Release|Win32 = Release|Win32
	EndGlobalSection
	GlobalSection(ProjectConfigurationPlatforms) = postSolution
		{911F662D-140D-4E7A-A3B3-6EB44FC715CD}.Debug|Win32.ActiveCfg = Debug|Win32
		{911F662D-140D-4E7A-A3B3-6EB44FC715CD}.Debug|Win32.Build.0 = Debug|Win32
		{911F662D-140D-4E7A-A3B3-6EB44FC715CD}.Release|Win32.ActiveCfg = Release|Win32
		{911F662D-140D-4E7A-A3B3-6EB44FC715CD}.Release|Win32.Build.0 = Release|Win32
	EndGlobalSection
	GlobalSection(SolutionProperties) = preSolution
		HideSolutionNode = FALSE
	EndGlobalSection
EndGlobal
